// !$*UTF8*$!
{
	archiveVersion = 1;
	classes = {
	};
	objectVersion = 46;
	objects = {

/* Begin PBXBuildFile section */
		303B63C21E7B7E6800466F9E /* AppDelegate.swift in Sources */ = {isa = PBXBuildFile; fileRef = 303B63C11E7B7E6800466F9E /* AppDelegate.swift */; };
		303B63C71E7B7E6800466F9E /* Main.storyboard in Resources */ = {isa = PBXBuildFile; fileRef = 303B63C51E7B7E6800466F9E /* Main.storyboard */; };
		303B63C91E7B7E6800466F9E /* Assets.xcassets in Resources */ = {isa = PBXBuildFile; fileRef = 303B63C81E7B7E6800466F9E /* Assets.xcassets */; };
		303B63CC1E7B7E6800466F9E /* LaunchScreen.storyboard in Resources */ = {isa = PBXBuildFile; fileRef = 303B63CA1E7B7E6800466F9E /* LaunchScreen.storyboard */; };
		303B63D61E7B913400466F9E /* TopListViewController.swift in Sources */ = {isa = PBXBuildFile; fileRef = 303B63D51E7B913400466F9E /* TopListViewController.swift */; };
		303B63D81E7B914900466F9E /* Entry.swift in Sources */ = {isa = PBXBuildFile; fileRef = 303B63D71E7B914900466F9E /* Entry.swift */; };
		303B63DA1E7B91EC00466F9E /* EntriesDataDelegateSource.swift in Sources */ = {isa = PBXBuildFile; fileRef = 303B63D91E7B91EC00466F9E /* EntriesDataDelegateSource.swift */; };
		303B63DC1E7B925100466F9E /* EntryTableViewCell.swift in Sources */ = {isa = PBXBuildFile; fileRef = 303B63DB1E7B925100466F9E /* EntryTableViewCell.swift */; };
/* End PBXBuildFile section */

/* Begin PBXFileReference section */
		303B63BE1E7B7E6700466F9E /* redittop.app */ = {isa = PBXFileReference; explicitFileType = wrapper.application; includeInIndex = 0; path = redittop.app; sourceTree = BUILT_PRODUCTS_DIR; };
		303B63C11E7B7E6800466F9E /* AppDelegate.swift */ = {isa = PBXFileReference; lastKnownFileType = sourcecode.swift; path = AppDelegate.swift; sourceTree = "<group>"; };
		303B63C61E7B7E6800466F9E /* Base */ = {isa = PBXFileReference; lastKnownFileType = file.storyboard; name = Base; path = Base.lproj/Main.storyboard; sourceTree = "<group>"; };
		303B63C81E7B7E6800466F9E /* Assets.xcassets */ = {isa = PBXFileReference; lastKnownFileType = folder.assetcatalog; path = Assets.xcassets; sourceTree = "<group>"; };
		303B63CB1E7B7E6800466F9E /* Base */ = {isa = PBXFileReference; lastKnownFileType = file.storyboard; name = Base; path = Base.lproj/LaunchScreen.storyboard; sourceTree = "<group>"; };
		303B63CD1E7B7E6800466F9E /* Info.plist */ = {isa = PBXFileReference; lastKnownFileType = text.plist.xml; path = Info.plist; sourceTree = "<group>"; };
		303B63D51E7B913400466F9E /* TopListViewController.swift */ = {isa = PBXFileReference; fileEncoding = 4; lastKnownFileType = sourcecode.swift; path = TopListViewController.swift; sourceTree = "<group>"; };
		303B63D71E7B914900466F9E /* Entry.swift */ = {isa = PBXFileReference; fileEncoding = 4; lastKnownFileType = sourcecode.swift; path = Entry.swift; sourceTree = "<group>"; };
		303B63D91E7B91EC00466F9E /* EntriesDataDelegateSource.swift */ = {isa = PBXFileReference; fileEncoding = 4; lastKnownFileType = sourcecode.swift; path = EntriesDataDelegateSource.swift; sourceTree = "<group>"; };
		303B63DB1E7B925100466F9E /* EntryTableViewCell.swift */ = {isa = PBXFileReference; fileEncoding = 4; lastKnownFileType = sourcecode.swift; path = EntryTableViewCell.swift; sourceTree = "<group>"; };
/* End PBXFileReference section */

/* Begin PBXFrameworksBuildPhase section */
		303B63BB1E7B7E6700466F9E /* Frameworks */ = {
			isa = PBXFrameworksBuildPhase;
			buildActionMask = 2147483647;
			files = (
			);
			runOnlyForDeploymentPostprocessing = 0;
		};
/* End PBXFrameworksBuildPhase section */

/* Begin PBXGroup section */
		303B63B51E7B7E6700466F9E = {
			isa = PBXGroup;
			children = (
				303B63C01E7B7E6800466F9E /* redittop */,
				303B63BF1E7B7E6700466F9E /* Products */,
			);
			sourceTree = "<group>";
		};
		303B63BF1E7B7E6700466F9E /* Products */ = {
			isa = PBXGroup;
			children = (
				303B63BE1E7B7E6700466F9E /* redittop.app */,
			);
			name = Products;
			sourceTree = "<group>";
		};
		303B63C01E7B7E6800466F9E /* redittop */ = {
			isa = PBXGroup;
			children = (
				303B63D31E7B90FE00466F9E /* Controllers */,
				303B63D41E7B90FE00466F9E /* Models */,
				303B63C11E7B7E6800466F9E /* AppDelegate.swift */,
				303B63C51E7B7E6800466F9E /* Main.storyboard */,
				303B63C81E7B7E6800466F9E /* Assets.xcassets */,
				303B63CA1E7B7E6800466F9E /* LaunchScreen.storyboard */,
				303B63CD1E7B7E6800466F9E /* Info.plist */,
			);
			path = redittop;
			sourceTree = "<group>";
		};
		303B63D31E7B90FE00466F9E /* Controllers */ = {
			isa = PBXGroup;
			children = (
				303B63D51E7B913400466F9E /* TopListViewController.swift */,
				303B63D91E7B91EC00466F9E /* EntriesDataDelegateSource.swift */,
				303B63DB1E7B925100466F9E /* EntryTableViewCell.swift */,
			);
			path = Controllers;
			sourceTree = "<group>";
		};
		303B63D41E7B90FE00466F9E /* Models */ = {
			isa = PBXGroup;
			children = (
				303B63D71E7B914900466F9E /* Entry.swift */,
			);
			path = Models;
			sourceTree = "<group>";
		};
/* End PBXGroup section */

/* Begin PBXNativeTarget section */
		303B63BD1E7B7E6700466F9E /* redittop */ = {
			isa = PBXNativeTarget;
			buildConfigurationList = 303B63D01E7B7E6800466F9E /* Build configuration list for PBXNativeTarget "redittop" */;
			buildPhases = (
				303B63BA1E7B7E6700466F9E /* Sources */,
				303B63BB1E7B7E6700466F9E /* Frameworks */,
				303B63BC1E7B7E6700466F9E /* Resources */,
			);
			buildRules = (
			);
			dependencies = (
			);
			name = redittop;
			productName = redittop;
			productReference = 303B63BE1E7B7E6700466F9E /* redittop.app */;
			productType = "com.apple.product-type.application";
		};
/* End PBXNativeTarget section */

/* Begin PBXProject section */
		303B63B61E7B7E6700466F9E /* Project object */ = {
			isa = PBXProject;
			attributes = {
				LastSwiftUpdateCheck = 0820;
				LastUpgradeCheck = 0820;
				ORGANIZATIONNAME = "Ihonahan Buitrago";
				TargetAttributes = {
					303B63BD1E7B7E6700466F9E = {
						CreatedOnToolsVersion = 8.2.1;
						ProvisioningStyle = Automatic;
					};
				};
			};
			buildConfigurationList = 303B63B91E7B7E6700466F9E /* Build configuration list for PBXProject "redittop" */;
			compatibilityVersion = "Xcode 3.2";
			developmentRegion = English;
			hasScannedForEncodings = 0;
			knownRegions = (
				en,
				Base,
			);
			mainGroup = 303B63B51E7B7E6700466F9E;
			productRefGroup = 303B63BF1E7B7E6700466F9E /* Products */;
			projectDirPath = "";
			projectRoot = "";
			targets = (
				303B63BD1E7B7E6700466F9E /* redittop */,
			);
		};
/* End PBXProject section */

/* Begin PBXResourcesBuildPhase section */
		303B63BC1E7B7E6700466F9E /* Resources */ = {
			isa = PBXResourcesBuildPhase;
			buildActionMask = 2147483647;
			files = (
				303B63CC1E7B7E6800466F9E /* LaunchScreen.storyboard in Resources */,
				303B63C91E7B7E6800466F9E /* Assets.xcassets in Resources */,
				303B63C71E7B7E6800466F9E /* Main.storyboard in Resources */,
			);
			runOnlyForDeploymentPostprocessing = 0;
		};
/* End PBXResourcesBuildPhase section */

/* Begin PBXSourcesBuildPhase section */
		303B63BA1E7B7E6700466F9E /* Sources */ = {
			isa = PBXSourcesBuildPhase;
			buildActionMask = 2147483647;
			files = (
				303B63D81E7B914900466F9E /* Entry.swift in Sources */,
				303B63DC1E7B925100466F9E /* EntryTableViewCell.swift in Sources */,
				303B63D61E7B913400466F9E /* TopListViewController.swift in Sources */,
				303B63DA1E7B91EC00466F9E /* EntriesDataDelegateSource.swift in Sources */,
				303B63C21E7B7E6800466F9E /* AppDelegate.swift in Sources */,
			);
			runOnlyForDeploymentPostprocessing = 0;
		};
/* End PBXSourcesBuildPhase section */

/* Begin PBXVariantGroup section */
		303B63C51E7B7E6800466F9E /* Main.storyboard */ = {
			isa = PBXVariantGroup;
			children = (
				303B63C61E7B7E6800466F9E /* Base */,
			);
			name = Main.storyboard;
			sourceTree = "<group>";
		};
		303B63CA1E7B7E6800466F9E /* LaunchScreen.storyboard */ = {
			isa = PBXVariantGroup;
			children = (
				303B63CB1E7B7E6800466F9E /* Base */,
			);
			name = LaunchScreen.storyboard;
			sourceTree = "<group>";
		};
/* End PBXVariantGroup section */

/* Begin XCBuildConfiguration section */
		303B63CE1E7B7E6800466F9E /* Debug */ = {
			isa = XCBuildConfiguration;
			buildSettings = {
				ALWAYS_SEARCH_USER_PATHS = NO;
				CLANG_ANALYZER_NONNULL = YES;
				CLANG_CXX_LANGUAGE_STANDARD = "gnu++0x";
				CLANG_CXX_LIBRARY = "libc++";
				CLANG_ENABLE_MODULES = YES;
				CLANG_ENABLE_OBJC_ARC = YES;
				CLANG_WARN_BOOL_CONVERSION = YES;
				CLANG_WARN_CONSTANT_CONVERSION = YES;
				CLANG_WARN_DIRECT_OBJC_ISA_USAGE = YES_ERROR;
				CLANG_WARN_DOCUMENTATION_COMMENTS = YES;
				CLANG_WARN_EMPTY_BODY = YES;
				CLANG_WARN_ENUM_CONVERSION = YES;
				CLANG_WARN_INFINITE_RECURSION = YES;
				CLANG_WARN_INT_CONVERSION = YES;
				CLANG_WARN_OBJC_ROOT_CLASS = YES_ERROR;
				CLANG_WARN_SUSPICIOUS_MOVE = YES;
				CLANG_WARN_UNREACHABLE_CODE = YES;
				CLANG_WARN__DUPLICATE_METHOD_MATCH = YES;
				"CODE_SIGN_IDENTITY[sdk=iphoneos*]" = "iPhone Developer";
				COPY_PHASE_STRIP = NO;
				DEBUG_INFORMATION_FORMAT = dwarf;
				ENABLE_STRICT_OBJC_MSGSEND = YES;
				ENABLE_TESTABILITY = YES;
				GCC_C_LANGUAGE_STANDARD = gnu99;
				GCC_DYNAMIC_NO_PIC = NO;
				GCC_NO_COMMON_BLOCKS = YES;
				GCC_OPTIMIZATION_LEVEL = 0;
				GCC_PREPROCESSOR_DEFINITIONS = (
					"DEBUG=1",
					"$(inherited)",
				);
				GCC_WARN_64_TO_32_BIT_CONVERSION = YES;
				GCC_WARN_ABOUT_RETURN_TYPE = YES_ERROR;
				GCC_WARN_UNDECLARED_SELECTOR = YES;
				GCC_WARN_UNINITIALIZED_AUTOS = YES_AGGRESSIVE;
				GCC_WARN_UNUSED_FUNCTION = YES;
				GCC_WARN_UNUSED_VARIABLE = YES;
				IPHONEOS_DEPLOYMENT_TARGET = 10.2;
				MTL_ENABLE_DEBUG_INFO = YES;
				ONLY_ACTIVE_ARCH = YES;
				SDKROOT = iphoneos;
				SWIFT_ACTIVE_COMPILATION_CONDITIONS = DEBUG;
				SWIFT_OPTIMIZATION_LEVEL = "-Onone";
				TARGETED_DEVICE_FAMILY = "1,2";
			};
			name = Debug;
		};
		303B63CF1E7B7E6800466F9E /* Release */ = {
			isa = XCBuildConfiguration;
			buildSettings = {
				ALWAYS_SEARCH_USER_PATHS = NO;
				CLANG_ANALYZER_NONNULL = YES;
				CLANG_CXX_LANGUAGE_STANDARD = "gnu++0x";
				CLANG_CXX_LIBRARY = "libc++";
				CLANG_ENABLE_MODULES = YES;
				CLANG_ENABLE_OBJC_ARC = YES;
				CLANG_WARN_BOOL_CONVERSION = YES;
				CLANG_WARN_CONSTANT_CONVERSION = YES;
				CLANG_WARN_DIRECT_OBJC_ISA_USAGE = YES_ERROR;
				CLANG_WARN_DOCUMENTATION_COMMENTS = YES;
				CLANG_WARN_EMPTY_BODY = YES;
				CLANG_WARN_ENUM_CONVERSION = YES;
				CLANG_WARN_INFINITE_RECURSION = YES;
				CLANG_WARN_INT_CONVERSION = YES;
				CLANG_WARN_OBJC_ROOT_CLASS = YES_ERROR;
				CLANG_WARN_SUSPICIOUS_MOVE = YES;
				CLANG_WARN_UNREACHABLE_CODE = YES;
				CLANG_WARN__DUPLICATE_METHOD_MATCH = YES;
				"CODE_SIGN_IDENTITY[sdk=iphoneos*]" = "iPhone Developer";
				COPY_PHASE_STRIP = NO;
				DEBUG_INFORMATION_FORMAT = "dwarf-with-dsym";
				ENABLE_NS_ASSERTIONS = NO;
				ENABLE_STRICT_OBJC_MSGSEND = YES;
				GCC_C_LANGUAGE_STANDARD = gnu99;
				GCC_NO_COMMON_BLOCKS = YES;
				GCC_WARN_64_TO_32_BIT_CONVERSION = YES;
				GCC_WARN_ABOUT_RETURN_TYPE = YES_ERROR;
				GCC_WARN_UNDECLARED_SELECTOR = YES;
				GCC_WARN_UNINITIALIZED_AUTOS = YES_AGGRESSIVE;
				GCC_WARN_UNUSED_FUNCTION = YES;
				GCC_WARN_UNUSED_VARIABLE = YES;
				IPHONEOS_DEPLOYMENT_TARGET = 10.2;
				MTL_ENABLE_DEBUG_INFO = NO;
				SDKROOT = iphoneos;
				SWIFT_OPTIMIZATION_LEVEL = "-Owholemodule";
				TARGETED_DEVICE_FAMILY = "1,2";
				VALIDATE_PRODUCT = YES;
			};
			name = Release;
		};
		303B63D11E7B7E6800466F9E /* Debug */ = {
			isa = XCBuildConfiguration;
			buildSettings = {
				ASSETCATALOG_COMPILER_APPICON_NAME = AppIcon;
				INFOPLIST_FILE = redittop/Info.plist;
				LD_RUNPATH_SEARCH_PATHS = "$(inherited) @executable_path/Frameworks";
				PRODUCT_BUNDLE_IDENTIFIER = com.ihonahan.redittop;
				PRODUCT_NAME = "$(TARGET_NAME)";
				SWIFT_VERSION = 3.0;
			};
			name = Debug;
		};
		303B63D21E7B7E6800466F9E /* Release */ = {
			isa = XCBuildConfiguration;
			buildSettings = {
				ASSETCATALOG_COMPILER_APPICON_NAME = AppIcon;
				INFOPLIST_FILE = redittop/Info.plist;
				LD_RUNPATH_SEARCH_PATHS = "$(inherited) @executable_path/Frameworks";
				PRODUCT_BUNDLE_IDENTIFIER = com.ihonahan.redittop;
				PRODUCT_NAME = "$(TARGET_NAME)";
				SWIFT_VERSION = 3.0;
			};
			name = Release;
		};
/* End XCBuildConfiguration section */

/* Begin XCConfigurationList section */
		303B63B91E7B7E6700466F9E /* Build configuration list for PBXProject "redittop" */ = {
			isa = XCConfigurationList;
			buildConfigurations = (
				303B63CE1E7B7E6800466F9E /* Debug */,
				303B63CF1E7B7E6800466F9E /* Release */,
			);
			defaultConfigurationIsVisible = 0;
			defaultConfigurationName = Release;
		};
		303B63D01E7B7E6800466F9E /* Build configuration list for PBXNativeTarget "redittop" */ = {
			isa = XCConfigurationList;
			buildConfigurations = (
				303B63D11E7B7E6800466F9E /* Debug */,
				303B63D21E7B7E6800466F9E /* Release */,
			);
			defaultConfigurationIsVisible = 0;
		};
/* End XCConfigurationList section */
	};
	rootObject = 303B63B61E7B7E6700466F9E /* Project object */;
}
